// !$*UTF8*$!
{
	archiveVersion = 1;
	classes = {
	};
	objectVersion = 55;
	objects = {

/* Begin PBXBuildFile section */
		360D809B273306260018AAFB /* SentMemesViewController.swift in Sources */ = {isa = PBXBuildFile; fileRef = 360D809A273306260018AAFB /* SentMemesViewController.swift */; };
		360D809D273309AE0018AAFB /* TabBarController.swift in Sources */ = {isa = PBXBuildFile; fileRef = 360D809C273309AE0018AAFB /* TabBarController.swift */; };
		360D80A1273317870018AAFB /* MemeDetailViewController.swift in Sources */ = {isa = PBXBuildFile; fileRef = 360D80A0273317870018AAFB /* MemeDetailViewController.swift */; };
		360D80A727345B9D0018AAFB /* MemeCollectionCell.swift in Sources */ = {isa = PBXBuildFile; fileRef = 360D80A627345B9D0018AAFB /* MemeCollectionCell.swift */; };
		360D80A9273469240018AAFB /* SentMemesTableViewController.swift in Sources */ = {isa = PBXBuildFile; fileRef = 360D80A8273469240018AAFB /* SentMemesTableViewController.swift */; };
		360D80AB2734696D0018AAFB /* SentMemesCollectionViewController.swift in Sources */ = {isa = PBXBuildFile; fileRef = 360D80AA2734696D0018AAFB /* SentMemesCollectionViewController.swift */; };
		363C61A827307CE2003F62F8 /* MemeEditorViewController.swift in Sources */ = {isa = PBXBuildFile; fileRef = 363C619E27307CCF003F62F8 /* MemeEditorViewController.swift */; };
		363C61A927307CE2003F62F8 /* AppDelegate.swift in Sources */ = {isa = PBXBuildFile; fileRef = 363C61A427307CCF003F62F8 /* AppDelegate.swift */; };
		363C61AA27307CE2003F62F8 /* Meme.swift in Sources */ = {isa = PBXBuildFile; fileRef = 363C61A627307CCF003F62F8 /* Meme.swift */; };
		363C61AB27307CE2003F62F8 /* SceneDelegate.swift in Sources */ = {isa = PBXBuildFile; fileRef = 363C61A727307CCF003F62F8 /* SceneDelegate.swift */; };
		363C61AC27307CF3003F62F8 /* Assets.xcassets in Resources */ = {isa = PBXBuildFile; fileRef = 363C619F27307CCF003F62F8 /* Assets.xcassets */; };
		363C61AD27307CF3003F62F8 /* LaunchScreen.storyboard in Resources */ = {isa = PBXBuildFile; fileRef = 363C61A027307CCF003F62F8 /* LaunchScreen.storyboard */; };
/* End PBXBuildFile section */

/* Begin PBXFileReference section */
		360D809A273306260018AAFB /* SentMemesViewController.swift */ = {isa = PBXFileReference; lastKnownFileType = sourcecode.swift; path = SentMemesViewController.swift; sourceTree = "<group>"; };
		360D809C273309AE0018AAFB /* TabBarController.swift */ = {isa = PBXFileReference; lastKnownFileType = sourcecode.swift; path = TabBarController.swift; sourceTree = "<group>"; };
		360D80A0273317870018AAFB /* MemeDetailViewController.swift */ = {isa = PBXFileReference; lastKnownFileType = sourcecode.swift; path = MemeDetailViewController.swift; sourceTree = "<group>"; };
		360D80A627345B9D0018AAFB /* MemeCollectionCell.swift */ = {isa = PBXFileReference; lastKnownFileType = sourcecode.swift; path = MemeCollectionCell.swift; sourceTree = "<group>"; };
		360D80A8273469240018AAFB /* SentMemesTableViewController.swift */ = {isa = PBXFileReference; lastKnownFileType = sourcecode.swift; path = SentMemesTableViewController.swift; sourceTree = "<group>"; };
		360D80AA2734696D0018AAFB /* SentMemesCollectionViewController.swift */ = {isa = PBXFileReference; lastKnownFileType = sourcecode.swift; path = SentMemesCollectionViewController.swift; sourceTree = "<group>"; };
		363C619E27307CCF003F62F8 /* MemeEditorViewController.swift */ = {isa = PBXFileReference; lastKnownFileType = sourcecode.swift; path = MemeEditorViewController.swift; sourceTree = "<group>"; };
		363C619F27307CCF003F62F8 /* Assets.xcassets */ = {isa = PBXFileReference; lastKnownFileType = folder.assetcatalog; path = Assets.xcassets; sourceTree = "<group>"; };
		363C61A127307CCF003F62F8 /* Base */ = {isa = PBXFileReference; lastKnownFileType = file.storyboard; name = Base; path = Base.lproj/LaunchScreen.storyboard; sourceTree = "<group>"; };
		363C61A327307CCF003F62F8 /* Base */ = {isa = PBXFileReference; lastKnownFileType = file.storyboard; name = Base; path = Base.lproj/Main.storyboard; sourceTree = "<group>"; };
		363C61A427307CCF003F62F8 /* AppDelegate.swift */ = {isa = PBXFileReference; lastKnownFileType = sourcecode.swift; path = AppDelegate.swift; sourceTree = "<group>"; };
		363C61A527307CCF003F62F8 /* Info.plist */ = {isa = PBXFileReference; lastKnownFileType = text.plist.xml; path = Info.plist; sourceTree = "<group>"; };
		363C61A627307CCF003F62F8 /* Meme.swift */ = {isa = PBXFileReference; lastKnownFileType = sourcecode.swift; path = Meme.swift; sourceTree = "<group>"; };
		363C61A727307CCF003F62F8 /* SceneDelegate.swift */ = {isa = PBXFileReference; lastKnownFileType = sourcecode.swift; path = SceneDelegate.swift; sourceTree = "<group>"; };
		363DD2782727802A00FEA5EE /* MemeMe.app */ = {isa = PBXFileReference; explicitFileType = wrapper.application; includeInIndex = 0; path = MemeMe.app; sourceTree = BUILT_PRODUCTS_DIR; };
/* End PBXFileReference section */

/* Begin PBXFrameworksBuildPhase section */
		363DD2752727802A00FEA5EE /* Frameworks */ = {
			isa = PBXFrameworksBuildPhase;
			buildActionMask = 2147483647;
			files = (
			);
			runOnlyForDeploymentPostprocessing = 0;
		};
/* End PBXFrameworksBuildPhase section */

/* Begin PBXGroup section */
		363C619D27307CCF003F62F8 /* MemeMe */ = {
			isa = PBXGroup;
			children = (
				363C619E27307CCF003F62F8 /* MemeEditorViewController.swift */,
				363C619F27307CCF003F62F8 /* Assets.xcassets */,
				363C61A027307CCF003F62F8 /* LaunchScreen.storyboard */,
				363C61A227307CCF003F62F8 /* Main.storyboard */,
				363C61A427307CCF003F62F8 /* AppDelegate.swift */,
				363C61A527307CCF003F62F8 /* Info.plist */,
				363C61A627307CCF003F62F8 /* Meme.swift */,
				363C61A727307CCF003F62F8 /* SceneDelegate.swift */,
				360D809A273306260018AAFB /* SentMemesViewController.swift */,
				360D80A0273317870018AAFB /* MemeDetailViewController.swift */,
				360D809C273309AE0018AAFB /* TabBarController.swift */,
				360D80A627345B9D0018AAFB /* MemeCollectionCell.swift */,
				360D80A8273469240018AAFB /* SentMemesTableViewController.swift */,
				360D80AA2734696D0018AAFB /* SentMemesCollectionViewController.swift */,
			);
			path = MemeMe;
			sourceTree = "<group>";
		};
		363DD26F2727802A00FEA5EE = {
			isa = PBXGroup;
			children = (
				363C619D27307CCF003F62F8 /* MemeMe */,
				363DD2792727802A00FEA5EE /* Products */,
			);
			sourceTree = "<group>";
		};
		363DD2792727802A00FEA5EE /* Products */ = {
			isa = PBXGroup;
			children = (
				363DD2782727802A00FEA5EE /* MemeMe.app */,
			);
			name = Products;
			sourceTree = "<group>";
		};
/* End PBXGroup section */

/* Begin PBXNativeTarget section */
		363DD2772727802A00FEA5EE /* MemeMe */ = {
			isa = PBXNativeTarget;
			buildConfigurationList = 363DD2A22727802D00FEA5EE /* Build configuration list for PBXNativeTarget "MemeMe" */;
			buildPhases = (
				363DD2742727802A00FEA5EE /* Sources */,
				363DD2752727802A00FEA5EE /* Frameworks */,
				363DD2762727802A00FEA5EE /* Resources */,
			);
			buildRules = (
			);
			dependencies = (
			);
			name = MemeMe;
			productName = "MemeMe 1.0";
			productReference = 363DD2782727802A00FEA5EE /* MemeMe.app */;
			productType = "com.apple.product-type.application";
		};
/* End PBXNativeTarget section */

/* Begin PBXProject section */
		363DD2702727802A00FEA5EE /* Project object */ = {
			isa = PBXProject;
			attributes = {
				BuildIndependentTargetsInParallel = 1;
				LastSwiftUpdateCheck = 1300;
				LastUpgradeCheck = 1300;
				TargetAttributes = {
					363DD2772727802A00FEA5EE = {
						CreatedOnToolsVersion = 13.0;
					};
				};
			};
			buildConfigurationList = 363DD2732727802A00FEA5EE /* Build configuration list for PBXProject "MemeMe" */;
			compatibilityVersion = "Xcode 13.0";
			developmentRegion = en;
			hasScannedForEncodings = 0;
			knownRegions = (
				en,
				Base,
			);
			mainGroup = 363DD26F2727802A00FEA5EE;
			productRefGroup = 363DD2792727802A00FEA5EE /* Products */;
			projectDirPath = "";
			projectRoot = "";
			targets = (
				363DD2772727802A00FEA5EE /* MemeMe */,
			);
		};
/* End PBXProject section */

/* Begin PBXResourcesBuildPhase section */
		363DD2762727802A00FEA5EE /* Resources */ = {
			isa = PBXResourcesBuildPhase;
			buildActionMask = 2147483647;
			files = (
				363C61AC27307CF3003F62F8 /* Assets.xcassets in Resources */,
				363C61AD27307CF3003F62F8 /* LaunchScreen.storyboard in Resources */,
			);
			runOnlyForDeploymentPostprocessing = 0;
		};
/* End PBXResourcesBuildPhase section */

/* Begin PBXSourcesBuildPhase section */
		363DD2742727802A00FEA5EE /* Sources */ = {
			isa = PBXSourcesBuildPhase;
			buildActionMask = 2147483647;
			files = (
				363C61A827307CE2003F62F8 /* MemeEditorViewController.swift in Sources */,
				363C61A927307CE2003F62F8 /* AppDelegate.swift in Sources */,
				360D80AB2734696D0018AAFB /* SentMemesCollectionViewController.swift in Sources */,
				360D809B273306260018AAFB /* SentMemesViewController.swift in Sources */,
				360D80A1273317870018AAFB /* MemeDetailViewController.swift in Sources */,
				360D80A9273469240018AAFB /* SentMemesTableViewController.swift in Sources */,
				360D80A727345B9D0018AAFB /* MemeCollectionCell.swift in Sources */,
				360D809D273309AE0018AAFB /* TabBarController.swift in Sources */,
				363C61AA27307CE2003F62F8 /* Meme.swift in Sources */,
				363C61AB27307CE2003F62F8 /* SceneDelegate.swift in Sources */,
			);
			runOnlyForDeploymentPostprocessing = 0;
		};
/* End PBXSourcesBuildPhase section */

/* Begin PBXVariantGroup section */
		363C61A027307CCF003F62F8 /* LaunchScreen.storyboard */ = {
			isa = PBXVariantGroup;
			children = (
				363C61A127307CCF003F62F8 /* Base */,
			);
			name = LaunchScreen.storyboard;
			sourceTree = "<group>";
		};
		363C61A227307CCF003F62F8 /* Main.storyboard */ = {
			isa = PBXVariantGroup;
			children = (
				363C61A327307CCF003F62F8 /* Base */,
			);
			name = Main.storyboard;
			sourceTree = "<group>";
		};
/* End PBXVariantGroup section */

/* Begin XCBuildConfiguration section */
		363DD2A02727802D00FEA5EE /* Debug */ = {
			isa = XCBuildConfiguration;
			buildSettings = {
				ALWAYS_SEARCH_USER_PATHS = NO;
				CLANG_ANALYZER_NONNULL = YES;
				CLANG_ANALYZER_NUMBER_OBJECT_CONVERSION = YES_AGGRESSIVE;
				CLANG_CXX_LANGUAGE_STANDARD = "gnu++17";
				CLANG_CXX_LIBRARY = "libc++";
				CLANG_ENABLE_MODULES = YES;
				CLANG_ENABLE_OBJC_ARC = YES;
				CLANG_ENABLE_OBJC_WEAK = YES;
				CLANG_WARN_BLOCK_CAPTURE_AUTORELEASING = YES;
				CLANG_WARN_BOOL_CONVERSION = YES;
				CLANG_WARN_COMMA = YES;
				CLANG_WARN_CONSTANT_CONVERSION = YES;
				CLANG_WARN_DEPRECATED_OBJC_IMPLEMENTATIONS = YES;
				CLANG_WARN_DIRECT_OBJC_ISA_USAGE = YES_ERROR;
				CLANG_WARN_DOCUMENTATION_COMMENTS = YES;
				CLANG_WARN_EMPTY_BODY = YES;
				CLANG_WARN_ENUM_CONVERSION = YES;
				CLANG_WARN_INFINITE_RECURSION = YES;
				CLANG_WARN_INT_CONVERSION = YES;
				CLANG_WARN_NON_LITERAL_NULL_CONVERSION = YES;
				CLANG_WARN_OBJC_IMPLICIT_RETAIN_SELF = YES;
				CLANG_WARN_OBJC_LITERAL_CONVERSION = YES;
				CLANG_WARN_OBJC_ROOT_CLASS = YES_ERROR;
				CLANG_WARN_QUOTED_INCLUDE_IN_FRAMEWORK_HEADER = YES;
				CLANG_WARN_RANGE_LOOP_ANALYSIS = YES;
				CLANG_WARN_STRICT_PROTOTYPES = YES;
				CLANG_WARN_SUSPICIOUS_MOVE = YES;
				CLANG_WARN_UNGUARDED_AVAILABILITY = YES_AGGRESSIVE;
				CLANG_WARN_UNREACHABLE_CODE = YES;
				CLANG_WARN__DUPLICATE_METHOD_MATCH = YES;
				COPY_PHASE_STRIP = NO;
				DEBUG_INFORMATION_FORMAT = dwarf;
				ENABLE_STRICT_OBJC_MSGSEND = YES;
				ENABLE_TESTABILITY = YES;
				GCC_C_LANGUAGE_STANDARD = gnu11;
				GCC_DYNAMIC_NO_PIC = NO;
				GCC_NO_COMMON_BLOCKS = YES;
				GCC_OPTIMIZATION_LEVEL = 0;
				GCC_PREPROCESSOR_DEFINITIONS = (
					"DEBUG=1",
					"$(inherited)",
				);
				GCC_WARN_64_TO_32_BIT_CONVERSION = YES;
				GCC_WARN_ABOUT_RETURN_TYPE = YES_ERROR;
				GCC_WARN_UNDECLARED_SELECTOR = YES;
				GCC_WARN_UNINITIALIZED_AUTOS = YES_AGGRESSIVE;
				GCC_WARN_UNUSED_FUNCTION = YES;
				GCC_WARN_UNUSED_VARIABLE = YES;
				IPHONEOS_DEPLOYMENT_TARGET = 15.0;
				MTL_ENABLE_DEBUG_INFO = INCLUDE_SOURCE;
				MTL_FAST_MATH = YES;
				ONLY_ACTIVE_ARCH = YES;
				SDKROOT = iphoneos;
				SWIFT_ACTIVE_COMPILATION_CONDITIONS = DEBUG;
				SWIFT_OPTIMIZATION_LEVEL = "-Onone";
			};
			name = Debug;
		};
		363DD2A12727802D00FEA5EE /* Release */ = {
			isa = XCBuildConfiguration;
			buildSettings = {
				ALWAYS_SEARCH_USER_PATHS = NO;
				CLANG_ANALYZER_NONNULL = YES;
				CLANG_ANALYZER_NUMBER_OBJECT_CONVERSION = YES_AGGRESSIVE;
				CLANG_CXX_LANGUAGE_STANDARD = "gnu++17";
				CLANG_CXX_LIBRARY = "libc++";
				CLANG_ENABLE_MODULES = YES;
				CLANG_ENABLE_OBJC_ARC = YES;
				CLANG_ENABLE_OBJC_WEAK = YES;
				CLANG_WARN_BLOCK_CAPTURE_AUTORELEASING = YES;
				CLANG_WARN_BOOL_CONVERSION = YES;
				CLANG_WARN_COMMA = YES;
				CLANG_WARN_CONSTANT_CONVERSION = YES;
				CLANG_WARN_DEPRECATED_OBJC_IMPLEMENTATIONS = YES;
				CLANG_WARN_DIRECT_OBJC_ISA_USAGE = YES_ERROR;
				CLANG_WARN_DOCUMENTATION_COMMENTS = YES;
				CLANG_WARN_EMPTY_BODY = YES;
				CLANG_WARN_ENUM_CONVERSION = YES;
				CLANG_WARN_INFINITE_RECURSION = YES;
				CLANG_WARN_INT_CONVERSION = YES;
				CLANG_WARN_NON_LITERAL_NULL_CONVERSION = YES;
				CLANG_WARN_OBJC_IMPLICIT_RETAIN_SELF = YES;
				CLANG_WARN_OBJC_LITERAL_CONVERSION = YES;
				CLANG_WARN_OBJC_ROOT_CLASS = YES_ERROR;
				CLANG_WARN_QUOTED_INCLUDE_IN_FRAMEWORK_HEADER = YES;
				CLANG_WARN_RANGE_LOOP_ANALYSIS = YES;
				CLANG_WARN_STRICT_PROTOTYPES = YES;
				CLANG_WARN_SUSPICIOUS_MOVE = YES;
				CLANG_WARN_UNGUARDED_AVAILABILITY = YES_AGGRESSIVE;
				CLANG_WARN_UNREACHABLE_CODE = YES;
				CLANG_WARN__DUPLICATE_METHOD_MATCH = YES;
				COPY_PHASE_STRIP = NO;
				DEBUG_INFORMATION_FORMAT = "dwarf-with-dsym";
				ENABLE_NS_ASSERTIONS = NO;
				ENABLE_STRICT_OBJC_MSGSEND = YES;
				GCC_C_LANGUAGE_STANDARD = gnu11;
				GCC_NO_COMMON_BLOCKS = YES;
				GCC_WARN_64_TO_32_BIT_CONVERSION = YES;
				GCC_WARN_ABOUT_RETURN_TYPE = YES_ERROR;
				GCC_WARN_UNDECLARED_SELECTOR = YES;
				GCC_WARN_UNINITIALIZED_AUTOS = YES_AGGRESSIVE;
				GCC_WARN_UNUSED_FUNCTION = YES;
				GCC_WARN_UNUSED_VARIABLE = YES;
				IPHONEOS_DEPLOYMENT_TARGET = 15.0;
				MTL_ENABLE_DEBUG_INFO = NO;
				MTL_FAST_MATH = YES;
				SDKROOT = iphoneos;
				SWIFT_COMPILATION_MODE = wholemodule;
				SWIFT_OPTIMIZATION_LEVEL = "-O";
				VALIDATE_PRODUCT = YES;
			};
			name = Release;
		};
		363DD2A32727802D00FEA5EE /* Debug */ = {
			isa = XCBuildConfiguration;
			buildSettings = {
				ASSETCATALOG_COMPILER_APPICON_NAME = AppIcon;
				ASSETCATALOG_COMPILER_GLOBAL_ACCENT_COLOR_NAME = AccentColor;
				CODE_SIGN_STYLE = Automatic;
				CURRENT_PROJECT_VERSION = 1;
				DEVELOPMENT_TEAM = 2H68F58334;
				GENERATE_INFOPLIST_FILE = YES;
				INFOPLIST_FILE = MemeMe/Info.plist;
				INFOPLIST_KEY_CFBundleDisplayName = "Meme Me";
				INFOPLIST_KEY_NSCameraUsageDescription = "This app uses the camera to take pictures for making memes";
				INFOPLIST_KEY_NSPhotoLibraryAddUsageDescription = "The app wants to save the meme you created";
				INFOPLIST_KEY_NSPhotoLibraryUsageDescription = "This app uses photos in the library to make memes";
				INFOPLIST_KEY_UIApplicationSupportsIndirectInputEvents = YES;
				INFOPLIST_KEY_UILaunchStoryboardName = LaunchScreen;
				INFOPLIST_KEY_UISupportedInterfaceOrientations_iPad = "UIInterfaceOrientationPortrait UIInterfaceOrientationPortraitUpsideDown UIInterfaceOrientationLandscapeLeft UIInterfaceOrientationLandscapeRight";
				INFOPLIST_KEY_UISupportedInterfaceOrientations_iPhone = "UIInterfaceOrientationPortrait UIInterfaceOrientationLandscapeLeft UIInterfaceOrientationLandscapeRight";
				LD_RUNPATH_SEARCH_PATHS = (
					"$(inherited)",
					"@executable_path/Frameworks",
				);
				MARKETING_VERSION = 1.0;
				PRODUCT_BUNDLE_IDENTIFIER = com.hanyutang.MemeMe;
				PRODUCT_NAME = "$(TARGET_NAME)";
				SWIFT_EMIT_LOC_STRINGS = YES;
				SWIFT_VERSION = 5.0;
				TARGETED_DEVICE_FAMILY = "1,2";
			};
			name = Debug;
		};
		363DD2A42727802D00FEA5EE /* Release */ = {
			isa = XCBuildConfiguration;
			buildSettings = {
				ASSETCATALOG_COMPILER_APPICON_NAME = AppIcon;
				ASSETCATALOG_COMPILER_GLOBAL_ACCENT_COLOR_NAME = AccentColor;
				CODE_SIGN_STYLE = Automatic;
				CURRENT_PROJECT_VERSION = 1;
				DEVELOPMENT_TEAM = 2H68F58334;
				GENERATE_INFOPLIST_FILE = YES;
				INFOPLIST_FILE = MemeMe/Info.plist;
				INFOPLIST_KEY_CFBundleDisplayName = "Meme Me";
				INFOPLIST_KEY_NSCameraUsageDescription = "This app uses the camera to take pictures for making memes";
				INFOPLIST_KEY_NSPhotoLibraryAddUsageDescription = "The app wants to save the meme you created";
				INFOPLIST_KEY_NSPhotoLibraryUsageDescription = "This app uses photos in the library to make memes";
				INFOPLIST_KEY_UIApplicationSupportsIndirectInputEvents = YES;
				INFOPLIST_KEY_UILaunchStoryboardName = LaunchScreen;
				INFOPLIST_KEY_UISupportedInterfaceOrientations_iPad = "UIInterfaceOrientationPortrait UIInterfaceOrientationPortraitUpsideDown UIInterfaceOrientationLandscapeLeft UIInterfaceOrientationLandscapeRight";
				INFOPLIST_KEY_UISupportedInterfaceOrientations_iPhone = "UIInterfaceOrientationPortrait UIInterfaceOrientationLandscapeLeft UIInterfaceOrientationLandscapeRight";
				LD_RUNPATH_SEARCH_PATHS = (
					"$(inherited)",
					"@executable_path/Frameworks",
				);
				MARKETING_VERSION = 1.0;
				PRODUCT_BUNDLE_IDENTIFIER = com.hanyutang.MemeMe;
				PRODUCT_NAME = "$(TARGET_NAME)";
				SWIFT_EMIT_LOC_STRINGS = YES;
				SWIFT_VERSION = 5.0;
				TARGETED_DEVICE_FAMILY = "1,2";
			};
			name = Release;
		};
/* End XCBuildConfiguration section */

/* Begin XCConfigurationList section */
		363DD2732727802A00FEA5EE /* Build configuration list for PBXProject "MemeMe" */ = {
			isa = XCConfigurationList;
			buildConfigurations = (
				363DD2A02727802D00FEA5EE /* Debug */,
				363DD2A12727802D00FEA5EE /* Release */,
			);
			defaultConfigurationIsVisible = 0;
			defaultConfigurationName = Release;
		};
		363DD2A22727802D00FEA5EE /* Build configuration list for PBXNativeTarget "MemeMe" */ = {
			isa = XCConfigurationList;
			buildConfigurations = (
				363DD2A32727802D00FEA5EE /* Debug */,
				363DD2A42727802D00FEA5EE /* Release */,
			);
			defaultConfigurationIsVisible = 0;
			defaultConfigurationName = Release;
		};
/* End XCConfigurationList section */
	};
	rootObject = 363DD2702727802A00FEA5EE /* Project object */;
}
